
Microsoft Visual Studio Solution File, Format Version 12.00
# Visual Studio Version 17
VisualStudioVersion = 17.14.36202.13
MinimumVisualStudioVersion = 10.0.40219.1
Project("{FAE04EC0-301F-11D3-BF4B-00C04F79EFBC}") = "CRHoyWebhooks", "CRHoyWebhooks\CRHoyWebhooks.csproj", "{EA940482-7FBC-4CB1-859C-8014F26FB061}"
EndProject
Project("{2150E333-8FDC-42A3-9474-1A3956D46DE8}") = "Elementos de la solución", "Elementos de la solución", "{D107F4C8-89CC-BEA8-D3D7-CA6B7733353D}"
	ProjectSection(SolutionItems) = preProject
		.gitignore = .gitignore
	EndProjectSection
EndProject
Project("{FAE04EC0-301F-11D3-BF4B-00C04F79EFBC}") = "CRHoyRewardWorker", "CrHoyRewardWorker\CRHoyRewardWorker.csproj", "{777E22C9-0274-4F94-9C92-0ACA96AD3127}"
EndProject
Global
	GlobalSection(SolutionConfigurationPlatforms) = preSolution
		Debug|Any CPU = Debug|Any CPU
		Release|Any CPU = Release|Any CPU
	EndGlobalSection
	GlobalSection(ProjectConfigurationPlatforms) = postSolution
		{EA940482-7FBC-4CB1-859C-8014F26FB061}.Debug|Any CPU.ActiveCfg = Debug|Any CPU
		{EA940482-7FBC-4CB1-859C-8014F26FB061}.Debug|Any CPU.Build.0 = Debug|Any CPU
		{EA940482-7FBC-4CB1-859C-8014F26FB061}.Release|Any CPU.ActiveCfg = Release|Any CPU
		{EA940482-7FBC-4CB1-859C-8014F26FB061}.Release|Any CPU.Build.0 = Release|Any CPU
		{777E22C9-0274-4F94-9C92-0ACA96AD3127}.Debug|Any CPU.ActiveCfg = Debug|Any CPU
		{777E22C9-0274-4F94-9C92-0ACA96AD3127}.Debug|Any CPU.Build.0 = Debug|Any CPU
		{777E22C9-0274-4F94-9C92-0ACA96AD3127}.Release|Any CPU.ActiveCfg = Release|Any CPU
		{777E22C9-0274-4F94-9C92-0ACA96AD3127}.Release|Any CPU.Build.0 = Release|Any CPU
	EndGlobalSection
	GlobalSection(SolutionProperties) = preSolution
		HideSolutionNode = FALSE
	EndGlobalSection
	GlobalSection(ExtensibilityGlobals) = postSolution
		SolutionGuid = {DD45711C-146F-48AD-9886-3F4A9EAB7380}
	EndGlobalSection
EndGlobal
